{
  "version": 4,
  "terraform_version": "1.6.2",
  "serial": 62,
  "lineage": "744fdd01-f417-3dd7-6aa1-fae6ffb58960",
  "outputs": {},
  "resources": [
    {
      "mode": "managed",
      "type": "azurerm_application_gateway",
      "name": "network",
      "provider": "provider[\"registry.terraform.io/hashicorp/azurerm\"]",
      "instances": [
        {
          "schema_version": 0,
          "attributes": {
            "authentication_certificate": [],
            "autoscale_configuration": [],
            "backend_address_pool": [
              {
                "fqdns": [],
                "id": "/subscriptions/98c7feee-b3b2-417e-9745-1ebcd4d645ec/resourceGroups/husx-resources/providers/Microsoft.Network/applicationGateways/terraform-appgateway/backendAddressPools/example-network-beap",
                "ip_addresses": [
                  "20.219.142.129",
                  "4.213.71.22"
                ],
                "name": "example-network-beap"
              }
            ],
            "backend_http_settings": [
              {
                "affinity_cookie_name": "",
                "authentication_certificate": [],
                "connection_draining": [],
                "cookie_based_affinity": "Disabled",
                "host_name": "",
                "id": "/subscriptions/98c7feee-b3b2-417e-9745-1ebcd4d645ec/resourceGroups/husx-resources/providers/Microsoft.Network/applicationGateways/terraform-appgateway/backendHttpSettingsCollection/example-network-be-htst",
                "name": "example-network-be-htst",
                "path": "/path1/",
                "pick_host_name_from_backend_address": false,
                "port": 80,
                "probe_id": "",
                "probe_name": "",
                "protocol": "Http",
                "request_timeout": 60,
                "trusted_root_certificate_names": []
              }
            ],
            "custom_error_configuration": [],
            "enable_http2": false,
            "fips_enabled": false,
            "firewall_policy_id": null,
            "force_firewall_policy_association": false,
            "frontend_ip_configuration": [
              {
                "id": "/subscriptions/98c7feee-b3b2-417e-9745-1ebcd4d645ec/resourceGroups/husx-resources/providers/Microsoft.Network/applicationGateways/terraform-appgateway/frontendIPConfigurations/example-network-feip",
                "name": "example-network-feip",
                "private_ip_address": "",
                "private_ip_address_allocation": "Dynamic",
                "private_link_configuration_id": "",
                "private_link_configuration_name": "",
                "public_ip_address_id": "/subscriptions/98c7feee-b3b2-417e-9745-1ebcd4d645ec/resourceGroups/husx-resources/providers/Microsoft.Network/publicIPAddresses/example-pip",
                "subnet_id": ""
              }
            ],
            "frontend_port": [
              {
                "id": "/subscriptions/98c7feee-b3b2-417e-9745-1ebcd4d645ec/resourceGroups/husx-resources/providers/Microsoft.Network/applicationGateways/terraform-appgateway/frontendPorts/example-network-feport",
                "name": "example-network-feport",
                "port": 80
              }
            ],
            "gateway_ip_configuration": [
              {
                "id": "/subscriptions/98c7feee-b3b2-417e-9745-1ebcd4d645ec/resourceGroups/husx-resources/providers/Microsoft.Network/applicationGateways/terraform-appgateway/gatewayIPConfigurations/my-gateway-ip-configuration",
                "name": "my-gateway-ip-configuration",
                "subnet_id": "/subscriptions/98c7feee-b3b2-417e-9745-1ebcd4d645ec/resourceGroups/husx-resources/providers/Microsoft.Network/virtualNetworks/example-network/subnets/frontend"
              }
            ],
            "http_listener": [
              {
                "custom_error_configuration": [],
                "firewall_policy_id": "",
                "frontend_ip_configuration_id": "/subscriptions/98c7feee-b3b2-417e-9745-1ebcd4d645ec/resourceGroups/husx-resources/providers/Microsoft.Network/applicationGateways/terraform-appgateway/frontendIPConfigurations/example-network-feip",
                "frontend_ip_configuration_name": "example-network-feip",
                "frontend_port_id": "/subscriptions/98c7feee-b3b2-417e-9745-1ebcd4d645ec/resourceGroups/husx-resources/providers/Microsoft.Network/applicationGateways/terraform-appgateway/frontendPorts/example-network-feport",
                "frontend_port_name": "example-network-feport",
                "host_name": "",
                "host_names": [],
                "id": "/subscriptions/98c7feee-b3b2-417e-9745-1ebcd4d645ec/resourceGroups/husx-resources/providers/Microsoft.Network/applicationGateways/terraform-appgateway/httpListeners/example-network-httplstn",
                "name": "example-network-httplstn",
                "protocol": "Http",
                "require_sni": false,
                "ssl_certificate_id": "",
                "ssl_certificate_name": "",
                "ssl_profile_id": "",
                "ssl_profile_name": ""
              }
            ],
            "id": "/subscriptions/98c7feee-b3b2-417e-9745-1ebcd4d645ec/resourceGroups/husx-resources/providers/Microsoft.Network/applicationGateways/terraform-appgateway",
            "identity": [],
            "location": "centralindia",
            "name": "terraform-appgateway",
            "private_endpoint_connection": [],
            "private_link_configuration": [],
            "probe": [],
            "redirect_configuration": [],
            "request_routing_rule": [
              {
                "backend_address_pool_id": "/subscriptions/98c7feee-b3b2-417e-9745-1ebcd4d645ec/resourceGroups/husx-resources/providers/Microsoft.Network/applicationGateways/terraform-appgateway/backendAddressPools/example-network-beap",
                "backend_address_pool_name": "example-network-beap",
                "backend_http_settings_id": "/subscriptions/98c7feee-b3b2-417e-9745-1ebcd4d645ec/resourceGroups/husx-resources/providers/Microsoft.Network/applicationGateways/terraform-appgateway/backendHttpSettingsCollection/example-network-be-htst",
                "backend_http_settings_name": "example-network-be-htst",
                "http_listener_id": "/subscriptions/98c7feee-b3b2-417e-9745-1ebcd4d645ec/resourceGroups/husx-resources/providers/Microsoft.Network/applicationGateways/terraform-appgateway/httpListeners/example-network-httplstn",
                "http_listener_name": "example-network-httplstn",
                "id": "/subscriptions/98c7feee-b3b2-417e-9745-1ebcd4d645ec/resourceGroups/husx-resources/providers/Microsoft.Network/applicationGateways/terraform-appgateway/requestRoutingRules/example-network-rqrt",
                "name": "example-network-rqrt",
                "priority": 9,
                "redirect_configuration_id": "",
                "redirect_configuration_name": "",
                "rewrite_rule_set_id": "",
                "rewrite_rule_set_name": "",
                "rule_type": "Basic",
                "url_path_map_id": "",
                "url_path_map_name": ""
              }
            ],
            "resource_group_name": "husx-resources",
            "rewrite_rule_set": [],
            "sku": [
              {
                "capacity": 1,
                "name": "Standard_v2",
                "tier": "Standard_v2"
              }
            ],
            "ssl_certificate": [],
            "ssl_policy": [
              {
                "cipher_suites": [],
                "disabled_protocols": [],
                "min_protocol_version": "",
                "policy_name": "AppGwSslPolicy20150501",
                "policy_type": "Predefined"
              }
            ],
            "ssl_profile": [],
            "tags": {},
            "timeouts": null,
            "trusted_client_certificate": [],
            "trusted_root_certificate": [],
            "url_path_map": [],
            "waf_configuration": [],
            "zones": []
          },
          "sensitive_attributes": [],
          "private": "eyJlMmJmYjczMC1lY2FhLTExZTYtOGY4OC0zNDM2M2JjN2M0YzAiOnsiY3JlYXRlIjo1NDAwMDAwMDAwMDAwLCJkZWxldGUiOjU0MDAwMDAwMDAwMDAsInJlYWQiOjMwMDAwMDAwMDAwMCwidXBkYXRlIjo1NDAwMDAwMDAwMDAwfX0=",
          "dependencies": [
            "azurerm_public_ip.example",
            "azurerm_public_ip.public_ip",
            "azurerm_resource_group.example",
            "azurerm_subnet.frontend",
            "azurerm_virtual_network.example"
          ]
        }
      ]
    },
    {
      "mode": "managed",
      "type": "azurerm_availability_set",
      "name": "example",
      "provider": "provider[\"registry.terraform.io/hashicorp/azurerm\"]",
      "instances": [
        {
          "schema_version": 0,
          "attributes": {
            "id": "/subscriptions/98c7feee-b3b2-417e-9745-1ebcd4d645ec/resourceGroups/husx-resources/providers/Microsoft.Compute/availabilitySets/example-avset",
            "location": "centralindia",
            "managed": true,
            "name": "example-avset",
            "platform_fault_domain_count": 3,
            "platform_update_domain_count": 5,
            "proximity_placement_group_id": null,
            "resource_group_name": "husx-resources",
            "tags": {},
            "timeouts": null
          },
          "sensitive_attributes": [],
          "private": "eyJlMmJmYjczMC1lY2FhLTExZTYtOGY4OC0zNDM2M2JjN2M0YzAiOnsiY3JlYXRlIjoxODAwMDAwMDAwMDAwLCJkZWxldGUiOjE4MDAwMDAwMDAwMDAsInJlYWQiOjMwMDAwMDAwMDAwMCwidXBkYXRlIjoxODAwMDAwMDAwMDAwfX0=",
          "dependencies": [
            "azurerm_resource_group.example"
          ]
        }
      ]
    },
    {
      "mode": "managed",
      "type": "azurerm_network_interface",
      "name": "main",
      "provider": "provider[\"registry.terraform.io/hashicorp/azurerm\"]",
      "instances": [
        {
          "schema_version": 0,
          "attributes": {
            "applied_dns_servers": [],
            "dns_servers": [],
            "edge_zone": "",
            "enable_accelerated_networking": false,
            "enable_ip_forwarding": false,
            "id": "/subscriptions/98c7feee-b3b2-417e-9745-1ebcd4d645ec/resourceGroups/husx-resources/providers/Microsoft.Network/networkInterfaces/example-nic",
            "internal_dns_name_label": "",
            "internal_domain_name_suffix": "a20x0rlzagceflkwwwc4lumy1c.rx.internal.cloudapp.net",
            "ip_configuration": [
              {
                "gateway_load_balancer_frontend_ip_configuration_id": "",
                "name": "testconfiguration1",
                "primary": true,
                "private_ip_address": "10.0.3.4",
                "private_ip_address_allocation": "Dynamic",
                "private_ip_address_version": "IPv4",
                "public_ip_address_id": "/subscriptions/98c7feee-b3b2-417e-9745-1ebcd4d645ec/resourceGroups/husx-resources/providers/Microsoft.Network/publicIPAddresses/public_ip",
                "subnet_id": "/subscriptions/98c7feee-b3b2-417e-9745-1ebcd4d645ec/resourceGroups/husx-resources/providers/Microsoft.Network/virtualNetworks/example-network/subnets/internal"
              }
            ],
            "location": "centralindia",
            "mac_address": "60-45-BD-E8-5D-F3",
            "name": "example-nic",
            "private_ip_address": "10.0.3.4",
            "private_ip_addresses": [
              "10.0.3.4"
            ],
            "resource_group_name": "husx-resources",
            "tags": {},
            "timeouts": null,
            "virtual_machine_id": "/subscriptions/98c7feee-b3b2-417e-9745-1ebcd4d645ec/resourceGroups/husx-resources/providers/Microsoft.Compute/virtualMachines/example-vm"
          },
          "sensitive_attributes": [],
          "private": "eyJlMmJmYjczMC1lY2FhLTExZTYtOGY4OC0zNDM2M2JjN2M0YzAiOnsiY3JlYXRlIjoxODAwMDAwMDAwMDAwLCJkZWxldGUiOjE4MDAwMDAwMDAwMDAsInJlYWQiOjMwMDAwMDAwMDAwMCwidXBkYXRlIjoxODAwMDAwMDAwMDAwfX0=",
          "dependencies": [
            "azurerm_public_ip.public_ip",
            "azurerm_resource_group.example",
            "azurerm_subnet.internal",
            "azurerm_virtual_network.example"
          ]
        }
      ]
    },
    {
      "mode": "managed",
      "type": "azurerm_private_endpoint",
      "name": "example",
      "provider": "provider[\"registry.terraform.io/hashicorp/azurerm\"]",
      "instances": [
        {
          "schema_version": 0,
          "attributes": {
            "custom_dns_configs": [
              {
                "fqdn": "hussxstorage3x.blob.core.windows.net",
                "ip_addresses": [
                  "10.0.2.4"
                ]
              }
            ],
            "id": "/subscriptions/98c7feee-b3b2-417e-9745-1ebcd4d645ec/resourceGroups/husx-resources/providers/Microsoft.Network/privateEndpoints/example-endpoint",
            "location": "centralindia",
            "name": "example-endpoint",
            "network_interface": [
              {
                "id": "/subscriptions/98c7feee-b3b2-417e-9745-1ebcd4d645ec/resourceGroups/husx-resources/providers/Microsoft.Network/networkInterfaces/example-endpoint.nic.c9b4c867-5ab3-4ed8-becf-50f06c61e959",
                "name": "example-endpoint.nic.c9b4c867-5ab3-4ed8-becf-50f06c61e959"
              }
            ],
            "private_dns_zone_configs": [],
            "private_dns_zone_group": [],
            "private_service_connection": [
              {
                "is_manual_connection": false,
                "name": "example-privateserviceconnection",
                "private_connection_resource_alias": "",
                "private_connection_resource_id": "/subscriptions/98c7feee-b3b2-417e-9745-1ebcd4d645ec/resourceGroups/husx-resources/providers/Microsoft.Storage/storageAccounts/hussxstorage3x",
                "private_ip_address": "10.0.2.4",
                "request_message": "",
                "subresource_names": [
                  "blob"
                ]
              }
            ],
            "resource_group_name": "husx-resources",
            "subnet_id": "/subscriptions/98c7feee-b3b2-417e-9745-1ebcd4d645ec/resourceGroups/husx-resources/providers/Microsoft.Network/virtualNetworks/example-network/subnets/endpoint",
            "tags": {},
            "timeouts": null
          },
          "sensitive_attributes": [],
          "private": "eyJlMmJmYjczMC1lY2FhLTExZTYtOGY4OC0zNDM2M2JjN2M0YzAiOnsiY3JlYXRlIjozNjAwMDAwMDAwMDAwLCJkZWxldGUiOjM2MDAwMDAwMDAwMDAsInJlYWQiOjMwMDAwMDAwMDAwMCwidXBkYXRlIjozNjAwMDAwMDAwMDAwfX0=",
          "dependencies": [
            "azurerm_resource_group.example",
            "azurerm_storage_account.example",
            "azurerm_subnet.endpoint",
            "azurerm_virtual_network.example"
          ]
        }
      ]
    },
    {
      "mode": "managed",
      "type": "azurerm_public_ip",
      "name": "example",
      "provider": "provider[\"registry.terraform.io/hashicorp/azurerm\"]",
      "instances": [
        {
          "schema_version": 0,
          "attributes": {
            "allocation_method": "Static",
            "domain_name_label": null,
            "edge_zone": "",
            "fqdn": null,
            "id": "/subscriptions/98c7feee-b3b2-417e-9745-1ebcd4d645ec/resourceGroups/husx-resources/providers/Microsoft.Network/publicIPAddresses/example-pip",
            "idle_timeout_in_minutes": 4,
            "ip_address": "20.219.142.129",
            "ip_tags": {},
            "ip_version": "IPv4",
            "location": "centralindia",
            "name": "example-pip",
            "public_ip_prefix_id": null,
            "resource_group_name": "husx-resources",
            "reverse_fqdn": null,
            "sku": "Standard",
            "sku_tier": "Regional",
            "tags": {},
            "timeouts": null,
            "zones": []
          },
          "sensitive_attributes": [],
          "private": "eyJlMmJmYjczMC1lY2FhLTExZTYtOGY4OC0zNDM2M2JjN2M0YzAiOnsiY3JlYXRlIjoxODAwMDAwMDAwMDAwLCJkZWxldGUiOjE4MDAwMDAwMDAwMDAsInJlYWQiOjMwMDAwMDAwMDAwMCwidXBkYXRlIjoxODAwMDAwMDAwMDAwfX0=",
          "dependencies": [
            "azurerm_resource_group.example"
          ]
        }
      ]
    },
    {
      "mode": "managed",
      "type": "azurerm_public_ip",
      "name": "public_ip",
      "provider": "provider[\"registry.terraform.io/hashicorp/azurerm\"]",
      "instances": [
        {
          "schema_version": 0,
          "attributes": {
            "allocation_method": "Static",
            "domain_name_label": null,
            "edge_zone": "",
            "fqdn": null,
            "id": "/subscriptions/98c7feee-b3b2-417e-9745-1ebcd4d645ec/resourceGroups/husx-resources/providers/Microsoft.Network/publicIPAddresses/public_ip",
            "idle_timeout_in_minutes": 4,
            "ip_address": "4.213.71.22",
            "ip_tags": {},
            "ip_version": "IPv4",
            "location": "centralindia",
            "name": "public_ip",
            "public_ip_prefix_id": null,
            "resource_group_name": "husx-resources",
            "reverse_fqdn": null,
            "sku": "Standard",
            "sku_tier": "Regional",
            "tags": {},
            "timeouts": null,
            "zones": []
          },
          "sensitive_attributes": [],
          "private": "eyJlMmJmYjczMC1lY2FhLTExZTYtOGY4OC0zNDM2M2JjN2M0YzAiOnsiY3JlYXRlIjoxODAwMDAwMDAwMDAwLCJkZWxldGUiOjE4MDAwMDAwMDAwMDAsInJlYWQiOjMwMDAwMDAwMDAwMCwidXBkYXRlIjoxODAwMDAwMDAwMDAwfX0=",
          "dependencies": [
            "azurerm_resource_group.example"
          ]
        }
      ]
    },
    {
      "mode": "managed",
      "type": "azurerm_resource_group",
      "name": "example",
      "provider": "provider[\"registry.terraform.io/hashicorp/azurerm\"]",
      "instances": [
        {
          "schema_version": 0,
          "attributes": {
            "id": "/subscriptions/98c7feee-b3b2-417e-9745-1ebcd4d645ec/resourceGroups/husx-resources",
            "location": "centralindia",
            "name": "husx-resources",
            "tags": {},
            "timeouts": null
          },
          "sensitive_attributes": [],
          "private": "eyJlMmJmYjczMC1lY2FhLTExZTYtOGY4OC0zNDM2M2JjN2M0YzAiOnsiY3JlYXRlIjo1NDAwMDAwMDAwMDAwLCJkZWxldGUiOjU0MDAwMDAwMDAwMDAsInJlYWQiOjMwMDAwMDAwMDAwMCwidXBkYXRlIjo1NDAwMDAwMDAwMDAwfX0="
        }
      ]
    },
    {
      "mode": "managed",
      "type": "azurerm_storage_account",
      "name": "example",
      "provider": "provider[\"registry.terraform.io/hashicorp/azurerm\"]",
      "instances": [
        {
          "schema_version": 3,
          "attributes": {
            "access_tier": "Hot",
            "account_kind": "StorageV2",
            "account_replication_type": "GRS",
            "account_tier": "Standard",
            "allow_nested_items_to_be_public": true,
            "azure_files_authentication": [],
            "blob_properties": [
              {
                "change_feed_enabled": false,
                "container_delete_retention_policy": [],
                "cors_rule": [],
                "default_service_version": "",
                "delete_retention_policy": [],
                "last_access_time_enabled": false,
                "versioning_enabled": false
              }
            ],
            "custom_domain": [],
            "customer_managed_key": [],
            "edge_zone": "",
            "enable_https_traffic_only": true,
            "id": "/subscriptions/98c7feee-b3b2-417e-9745-1ebcd4d645ec/resourceGroups/husx-resources/providers/Microsoft.Storage/storageAccounts/hussxstorage3x",
            "identity": [],
            "infrastructure_encryption_enabled": false,
            "is_hns_enabled": false,
            "large_file_share_enabled": null,
            "location": "centralindia",
            "min_tls_version": "TLS1_2",
            "name": "hussxstorage3x",
            "network_rules": [
              {
                "bypass": [
                  "AzureServices"
                ],
                "default_action": "Allow",
                "ip_rules": [],
                "private_link_access": [],
                "virtual_network_subnet_ids": []
              }
            ],
            "nfsv3_enabled": false,
            "primary_access_key": "VrMvYhcqdMKge7JokduKOiRu8DV23PzGpXO4IIXh9WXnbX7Vbf4hfCe5O1P3G8x3per8t5nnq7O1+AStx1tjWg==",
            "primary_blob_connection_string": "DefaultEndpointsProtocol=https;BlobEndpoint=https://hussxstorage3x.blob.core.windows.net/;AccountName=hussxstorage3x;AccountKey=VrMvYhcqdMKge7JokduKOiRu8DV23PzGpXO4IIXh9WXnbX7Vbf4hfCe5O1P3G8x3per8t5nnq7O1+AStx1tjWg==",
            "primary_blob_endpoint": "https://hussxstorage3x.blob.core.windows.net/",
            "primary_blob_host": "hussxstorage3x.blob.core.windows.net",
            "primary_connection_string": "DefaultEndpointsProtocol=https;AccountName=hussxstorage3x;AccountKey=VrMvYhcqdMKge7JokduKOiRu8DV23PzGpXO4IIXh9WXnbX7Vbf4hfCe5O1P3G8x3per8t5nnq7O1+AStx1tjWg==;EndpointSuffix=core.windows.net",
            "primary_dfs_endpoint": "https://hussxstorage3x.dfs.core.windows.net/",
            "primary_dfs_host": "hussxstorage3x.dfs.core.windows.net",
            "primary_file_endpoint": "https://hussxstorage3x.file.core.windows.net/",
            "primary_file_host": "hussxstorage3x.file.core.windows.net",
            "primary_location": "centralindia",
            "primary_queue_endpoint": "https://hussxstorage3x.queue.core.windows.net/",
            "primary_queue_host": "hussxstorage3x.queue.core.windows.net",
            "primary_table_endpoint": "https://hussxstorage3x.table.core.windows.net/",
            "primary_table_host": "hussxstorage3x.table.core.windows.net",
            "primary_web_endpoint": "https://hussxstorage3x.z29.web.core.windows.net/",
            "primary_web_host": "hussxstorage3x.z29.web.core.windows.net",
            "queue_encryption_key_type": "Service",
            "queue_properties": [
              {
                "cors_rule": [],
                "hour_metrics": [
                  {
                    "enabled": true,
                    "include_apis": true,
                    "retention_policy_days": 7,
                    "version": "1.0"
                  }
                ],
                "logging": [
                  {
                    "delete": false,
                    "read": false,
                    "retention_policy_days": 0,
                    "version": "1.0",
                    "write": false
                  }
                ],
                "minute_metrics": [
                  {
                    "enabled": false,
                    "include_apis": false,
                    "retention_policy_days": 0,
                    "version": "1.0"
                  }
                ]
              }
            ],
            "resource_group_name": "husx-resources",
            "routing": [],
            "secondary_access_key": "+RDB+hE5YOC0FHanwsS+L9qUdjn+DXakhG2Npxl/VsFXCVO1TKm/cl15KkEyIVzNwOwMRBz2Qwp5+ASt+McNCw==",
            "secondary_blob_connection_string": "",
            "secondary_blob_endpoint": null,
            "secondary_blob_host": null,
            "secondary_connection_string": "DefaultEndpointsProtocol=https;AccountName=hussxstorage3x;AccountKey=+RDB+hE5YOC0FHanwsS+L9qUdjn+DXakhG2Npxl/VsFXCVO1TKm/cl15KkEyIVzNwOwMRBz2Qwp5+ASt+McNCw==;EndpointSuffix=core.windows.net",
            "secondary_dfs_endpoint": null,
            "secondary_dfs_host": null,
            "secondary_file_endpoint": null,
            "secondary_file_host": null,
            "secondary_location": "southindia",
            "secondary_queue_endpoint": null,
            "secondary_queue_host": null,
            "secondary_table_endpoint": null,
            "secondary_table_host": null,
            "secondary_web_endpoint": null,
            "secondary_web_host": null,
            "share_properties": [
              {
                "cors_rule": [],
                "retention_policy": [
                  {
                    "days": 7
                  }
                ],
                "smb": []
              }
            ],
            "shared_access_key_enabled": true,
            "static_website": [],
            "table_encryption_key_type": "Service",
            "tags": {},
            "timeouts": null
          },
          "sensitive_attributes": [],
          "private": "eyJlMmJmYjczMC1lY2FhLTExZTYtOGY4OC0zNDM2M2JjN2M0YzAiOnsiY3JlYXRlIjozNjAwMDAwMDAwMDAwLCJkZWxldGUiOjM2MDAwMDAwMDAwMDAsInJlYWQiOjMwMDAwMDAwMDAwMCwidXBkYXRlIjozNjAwMDAwMDAwMDAwfSwic2NoZW1hX3ZlcnNpb24iOiIzIn0=",
          "dependencies": [
            "azurerm_resource_group.example"
          ]
        }
      ]
    },
    {
      "mode": "managed",
      "type": "azurerm_subnet",
      "name": "endpoint",
      "provider": "provider[\"registry.terraform.io/hashicorp/azurerm\"]",
      "instances": [
        {
          "schema_version": 0,
          "attributes": {
            "address_prefixes": [
              "10.0.2.0/24"
            ],
            "delegation": [],
            "enforce_private_link_endpoint_network_policies": true,
            "enforce_private_link_service_network_policies": false,
            "id": "/subscriptions/98c7feee-b3b2-417e-9745-1ebcd4d645ec/resourceGroups/husx-resources/providers/Microsoft.Network/virtualNetworks/example-network/subnets/endpoint",
            "name": "endpoint",
            "resource_group_name": "husx-resources",
            "service_endpoint_policy_ids": [],
            "service_endpoints": [],
            "timeouts": null,
            "virtual_network_name": "example-network"
          },
          "sensitive_attributes": [],
          "private": "eyJlMmJmYjczMC1lY2FhLTExZTYtOGY4OC0zNDM2M2JjN2M0YzAiOnsiY3JlYXRlIjoxODAwMDAwMDAwMDAwLCJkZWxldGUiOjE4MDAwMDAwMDAwMDAsInJlYWQiOjMwMDAwMDAwMDAwMCwidXBkYXRlIjoxODAwMDAwMDAwMDAwfX0=",
          "dependencies": [
            "azurerm_resource_group.example",
            "azurerm_virtual_network.example"
          ]
        }
      ]
    },
    {
      "mode": "managed",
      "type": "azurerm_subnet",
      "name": "frontend",
      "provider": "provider[\"registry.terraform.io/hashicorp/azurerm\"]",
      "instances": [
        {
          "schema_version": 0,
          "attributes": {
            "address_prefixes": [
              "10.0.5.0/24"
            ],
            "delegation": [],
            "enforce_private_link_endpoint_network_policies": false,
            "enforce_private_link_service_network_policies": false,
            "id": "/subscriptions/98c7feee-b3b2-417e-9745-1ebcd4d645ec/resourceGroups/husx-resources/providers/Microsoft.Network/virtualNetworks/example-network/subnets/frontend",
            "name": "frontend",
            "resource_group_name": "husx-resources",
            "service_endpoint_policy_ids": [],
            "service_endpoints": [],
            "timeouts": null,
            "virtual_network_name": "example-network"
          },
          "sensitive_attributes": [],
          "private": "eyJlMmJmYjczMC1lY2FhLTExZTYtOGY4OC0zNDM2M2JjN2M0YzAiOnsiY3JlYXRlIjoxODAwMDAwMDAwMDAwLCJkZWxldGUiOjE4MDAwMDAwMDAwMDAsInJlYWQiOjMwMDAwMDAwMDAwMCwidXBkYXRlIjoxODAwMDAwMDAwMDAwfX0=",
          "dependencies": [
            "azurerm_resource_group.example",
            "azurerm_virtual_network.example"
          ]
        }
      ]
    },
    {
      "mode": "managed",
      "type": "azurerm_subnet",
      "name": "internal",
      "provider": "provider[\"registry.terraform.io/hashicorp/azurerm\"]",
      "instances": [
        {
          "schema_version": 0,
          "attributes": {
            "address_prefixes": [
              "10.0.3.0/24"
            ],
            "delegation": [],
            "enforce_private_link_endpoint_network_policies": false,
            "enforce_private_link_service_network_policies": false,
            "id": "/subscriptions/98c7feee-b3b2-417e-9745-1ebcd4d645ec/resourceGroups/husx-resources/providers/Microsoft.Network/virtualNetworks/example-network/subnets/internal",
            "name": "internal",
            "resource_group_name": "husx-resources",
            "service_endpoint_policy_ids": [],
            "service_endpoints": [],
            "timeouts": null,
            "virtual_network_name": "example-network"
          },
          "sensitive_attributes": [],
          "private": "eyJlMmJmYjczMC1lY2FhLTExZTYtOGY4OC0zNDM2M2JjN2M0YzAiOnsiY3JlYXRlIjoxODAwMDAwMDAwMDAwLCJkZWxldGUiOjE4MDAwMDAwMDAwMDAsInJlYWQiOjMwMDAwMDAwMDAwMCwidXBkYXRlIjoxODAwMDAwMDAwMDAwfX0=",
          "dependencies": [
            "azurerm_resource_group.example",
            "azurerm_virtual_network.example"
          ]
        }
      ]
    },
    {
      "mode": "managed",
      "type": "azurerm_virtual_machine",
      "name": "main",
      "provider": "provider[\"registry.terraform.io/hashicorp/azurerm\"]",
      "instances": [
        {
          "schema_version": 0,
          "attributes": {
            "additional_capabilities": [],
            "availability_set_id": "/subscriptions/98c7feee-b3b2-417e-9745-1ebcd4d645ec/resourcegroups/husx-resources/providers/microsoft.compute/availabilitysets/example-avset",
            "boot_diagnostics": [],
            "delete_data_disks_on_termination": true,
            "delete_os_disk_on_termination": true,
            "id": "/subscriptions/98c7feee-b3b2-417e-9745-1ebcd4d645ec/resourceGroups/husx-resources/providers/Microsoft.Compute/virtualMachines/example-vm",
            "identity": [],
            "license_type": null,
            "location": "centralindia",
            "name": "example-vm",
            "network_interface_ids": [
              "/subscriptions/98c7feee-b3b2-417e-9745-1ebcd4d645ec/resourceGroups/husx-resources/providers/Microsoft.Network/networkInterfaces/example-nic"
            ],
            "os_profile": [
              {
                "admin_password": "",
                "admin_username": "testadmin",
                "computer_name": "hostname",
                "custom_data": ""
              }
            ],
            "os_profile_linux_config": [
              {
                "disable_password_authentication": false,
                "ssh_keys": []
              }
            ],
            "os_profile_secrets": [],
            "os_profile_windows_config": [],
            "plan": [],
            "primary_network_interface_id": null,
            "proximity_placement_group_id": null,
            "resource_group_name": "husx-resources",
            "storage_data_disk": [],
            "storage_image_reference": [
              {
                "id": "",
                "offer": "0001-com-ubuntu-server-jammy",
                "publisher": "Canonical",
                "sku": "22_04-lts",
                "version": "latest"
              }
            ],
            "storage_os_disk": [
              {
                "caching": "ReadWrite",
                "create_option": "FromImage",
                "disk_size_gb": 30,
                "image_uri": "",
                "managed_disk_id": "/subscriptions/98c7feee-b3b2-417e-9745-1ebcd4d645ec/resourceGroups/husx-resources/providers/Microsoft.Compute/disks/myosdisk1",
                "managed_disk_type": "Standard_LRS",
                "name": "myosdisk1",
                "os_type": "Linux",
                "vhd_uri": "",
                "write_accelerator_enabled": false
              }
            ],
            "tags": {},
            "timeouts": null,
            "vm_size": "Standard_DS1_v2",
            "zones": []
          },
          "sensitive_attributes": [],
          "private": "eyJlMmJmYjczMC1lY2FhLTExZTYtOGY4OC0zNDM2M2JjN2M0YzAiOnsiY3JlYXRlIjozNjAwMDAwMDAwMDAwLCJkZWxldGUiOjM2MDAwMDAwMDAwMDAsInJlYWQiOjMwMDAwMDAwMDAwMCwidXBkYXRlIjozNjAwMDAwMDAwMDAwfX0=",
          "dependencies": [
            "azurerm_availability_set.example",
            "azurerm_network_interface.main",
            "azurerm_public_ip.public_ip",
            "azurerm_resource_group.example",
            "azurerm_subnet.internal",
            "azurerm_virtual_network.example"
          ]
        }
      ]
    },
    {
      "mode": "managed",
      "type": "azurerm_virtual_machine_scale_set",
      "name": "example",
      "provider": "provider[\"registry.terraform.io/hashicorp/azurerm\"]",
      "instances": [
        {
          "schema_version": 1,
          "attributes": {
            "automatic_os_upgrade": false,
            "boot_diagnostics": [],
            "eviction_policy": "",
            "extension": [],
            "health_probe_id": null,
            "id": "/subscriptions/98c7feee-b3b2-417e-9745-1ebcd4d645ec/resourceGroups/husx-resources/providers/Microsoft.Compute/virtualMachineScaleSets/mytestscaleset-1",
            "identity": [],
            "license_type": "",
            "location": "centralindia",
            "name": "mytestscaleset-1",
            "network_profile": [
              {
                "accelerated_networking": false,
                "dns_settings": [
                  {
                    "dns_servers": []
                  }
                ],
                "ip_configuration": [
                  {
                    "application_gateway_backend_address_pool_ids": [],
                    "application_security_group_ids": [],
                    "load_balancer_backend_address_pool_ids": [],
                    "load_balancer_inbound_nat_rules_ids": [],
                    "name": "TestIPConfiguration",
                    "primary": true,
                    "public_ip_address_configuration": [],
                    "subnet_id": "/subscriptions/98c7feee-b3b2-417e-9745-1ebcd4d645ec/resourceGroups/husx-resources/providers/Microsoft.Network/virtualNetworks/example-network/subnets/internal"
                  }
                ],
                "ip_forwarding": false,
                "name": "terraformnetworkprofile",
                "network_security_group_id": "",
                "primary": true
              }
            ],
            "os_profile": [
              {
                "admin_password": "Password1234!",
                "admin_username": "myadmin",
                "computer_name_prefix": "testvm",
                "custom_data": ""
              }
            ],
            "os_profile_linux_config": [
              {
                "disable_password_authentication": false,
                "ssh_keys": []
              }
            ],
            "os_profile_secrets": [],
            "os_profile_windows_config": [],
            "overprovision": true,
            "plan": [],
            "priority": "",
            "proximity_placement_group_id": null,
            "resource_group_name": "husx-resources",
            "rolling_upgrade_policy": [],
            "single_placement_group": true,
            "sku": [
              {
                "capacity": 1,
                "name": "Standard_F2",
                "tier": "Standard"
              }
            ],
            "storage_profile_data_disk": [
              {
                "caching": "ReadWrite",
                "create_option": "Empty",
                "disk_size_gb": 10,
                "lun": 0,
                "managed_disk_type": "Standard_LRS"
              }
            ],
            "storage_profile_image_reference": [
              {
                "id": "",
                "offer": "0001-com-ubuntu-server-jammy",
                "publisher": "Canonical",
                "sku": "22_04-lts",
                "version": "latest"
              }
            ],
            "storage_profile_os_disk": [
              {
                "caching": "ReadWrite",
                "create_option": "FromImage",
                "image": "",
                "managed_disk_type": "Standard_LRS",
                "name": "",
                "os_type": "Linux",
                "vhd_containers": []
              }
            ],
            "tags": {},
            "timeouts": null,
            "upgrade_policy_mode": "Automatic",
            "zones": []
          },
          "sensitive_attributes": [],
          "private": "eyJlMmJmYjczMC1lY2FhLTExZTYtOGY4OC0zNDM2M2JjN2M0YzAiOnsiY3JlYXRlIjozNjAwMDAwMDAwMDAwLCJkZWxldGUiOjM2MDAwMDAwMDAwMDAsInJlYWQiOjMwMDAwMDAwMDAwMCwidXBkYXRlIjozNjAwMDAwMDAwMDAwfSwic2NoZW1hX3ZlcnNpb24iOiIxIn0=",
          "dependencies": [
            "azurerm_resource_group.example",
            "azurerm_subnet.internal",
            "azurerm_virtual_network.example"
          ]
        }
      ]
    },
    {
      "mode": "managed",
      "type": "azurerm_virtual_network",
      "name": "example",
      "provider": "provider[\"registry.terraform.io/hashicorp/azurerm\"]",
      "instances": [
        {
          "schema_version": 0,
          "attributes": {
            "address_space": [
              "10.0.0.0/16"
            ],
            "bgp_community": "",
            "ddos_protection_plan": [],
            "dns_servers": [],
            "edge_zone": "",
            "flow_timeout_in_minutes": 0,
            "guid": "457d3507-0179-4284-ad56-b585e5d198da",
            "id": "/subscriptions/98c7feee-b3b2-417e-9745-1ebcd4d645ec/resourceGroups/husx-resources/providers/Microsoft.Network/virtualNetworks/example-network",
            "location": "centralindia",
            "name": "example-network",
            "resource_group_name": "husx-resources",
            "subnet": [
              {
                "address_prefix": "10.0.2.0/24",
                "id": "/subscriptions/98c7feee-b3b2-417e-9745-1ebcd4d645ec/resourceGroups/husx-resources/providers/Microsoft.Network/virtualNetworks/example-network/subnets/endpoint",
                "name": "endpoint",
                "security_group": ""
              },
              {
                "address_prefix": "10.0.3.0/24",
                "id": "/subscriptions/98c7feee-b3b2-417e-9745-1ebcd4d645ec/resourceGroups/husx-resources/providers/Microsoft.Network/virtualNetworks/example-network/subnets/internal",
                "name": "internal",
                "security_group": ""
              },
              {
                "address_prefix": "10.0.5.0/24",
                "id": "/subscriptions/98c7feee-b3b2-417e-9745-1ebcd4d645ec/resourceGroups/husx-resources/providers/Microsoft.Network/virtualNetworks/example-network/subnets/frontend",
                "name": "frontend",
                "security_group": ""
              }
            ],
            "tags": {},
            "timeouts": null
          },
          "sensitive_attributes": [],
          "private": "eyJlMmJmYjczMC1lY2FhLTExZTYtOGY4OC0zNDM2M2JjN2M0YzAiOnsiY3JlYXRlIjoxODAwMDAwMDAwMDAwLCJkZWxldGUiOjE4MDAwMDAwMDAwMDAsInJlYWQiOjMwMDAwMDAwMDAwMCwidXBkYXRlIjoxODAwMDAwMDAwMDAwfX0=",
          "dependencies": [
            "azurerm_resource_group.example"
          ]
        }
      ]
    }
  ],
  "check_results": null
}
